// !$*UTF8*$!
{
	archiveVersion = 1;
	classes = {
	};
	objectVersion = 46;
	objects = {

/* Begin PBXBuildFile section */
		080956831E65B8290068BDD4 /* ResultsViewControllerTest.swift in Sources */ = {isa = PBXBuildFile; fileRef = 080956821E65B8290068BDD4 /* ResultsViewControllerTest.swift */; };
		080956851E65B8EC0068BDD4 /* ResultsViewController.swift in Sources */ = {isa = PBXBuildFile; fileRef = 080956841E65B8EC0068BDD4 /* ResultsViewController.swift */; };
		080956871E65B97D0068BDD4 /* ResultsViewController.xib in Resources */ = {isa = PBXBuildFile; fileRef = 080956861E65B97D0068BDD4 /* ResultsViewController.xib */; };
		080956891E65C2C40068BDD4 /* TableViewHelpers.swift in Sources */ = {isa = PBXBuildFile; fileRef = 080956881E65C2C40068BDD4 /* TableViewHelpers.swift */; };
		0809568D1E65DA6A0068BDD4 /* CorrectAnswerCell.xib in Resources */ = {isa = PBXBuildFile; fileRef = 0809568C1E65DA6A0068BDD4 /* CorrectAnswerCell.xib */; };
		0809568F1E65E2880068BDD4 /* WrongAnswerCell.xib in Resources */ = {isa = PBXBuildFile; fileRef = 0809568E1E65E2880068BDD4 /* WrongAnswerCell.xib */; };
		080956911E65EAF30068BDD4 /* UITableViewExtensions.swift in Sources */ = {isa = PBXBuildFile; fileRef = 080956901E65EAF30068BDD4 /* UITableViewExtensions.swift */; };
		080956931E65EB200068BDD4 /* PresentableAnswer.swift in Sources */ = {isa = PBXBuildFile; fileRef = 080956921E65EB200068BDD4 /* PresentableAnswer.swift */; };
		080956951E65EB460068BDD4 /* CorrectAnswerCell.swift in Sources */ = {isa = PBXBuildFile; fileRef = 080956941E65EB460068BDD4 /* CorrectAnswerCell.swift */; };
		080956971E65EB580068BDD4 /* WrongAnswerCell.swift in Sources */ = {isa = PBXBuildFile; fileRef = 080956961E65EB580068BDD4 /* WrongAnswerCell.swift */; };
		088687361E64729700A19B60 /* AppDelegate.swift in Sources */ = {isa = PBXBuildFile; fileRef = 088687351E64729700A19B60 /* AppDelegate.swift */; };
		0886873D1E64729700A19B60 /* Assets.xcassets in Resources */ = {isa = PBXBuildFile; fileRef = 0886873C1E64729700A19B60 /* Assets.xcassets */; };
		088687401E64729700A19B60 /* LaunchScreen.storyboard in Resources */ = {isa = PBXBuildFile; fileRef = 0886873E1E64729700A19B60 /* LaunchScreen.storyboard */; };
		088687561E6472FF00A19B60 /* QuestionViewControllerTest.swift in Sources */ = {isa = PBXBuildFile; fileRef = 088687551E6472FF00A19B60 /* QuestionViewControllerTest.swift */; };
		088687581E64745100A19B60 /* QuestionViewController.swift in Sources */ = {isa = PBXBuildFile; fileRef = 088687571E64745100A19B60 /* QuestionViewController.swift */; };
		0886875A1E64752200A19B60 /* QuestionViewController.xib in Resources */ = {isa = PBXBuildFile; fileRef = 088687591E64752200A19B60 /* QuestionViewController.xib */; };
/* End PBXBuildFile section */

/* Begin PBXContainerItemProxy section */
		088687471E64729700A19B60 /* PBXContainerItemProxy */ = {
			isa = PBXContainerItemProxy;
			containerPortal = 0886872A1E64729700A19B60 /* Project object */;
			proxyType = 1;
			remoteGlobalIDString = 088687311E64729700A19B60;
			remoteInfo = QuizApp;
		};
/* End PBXContainerItemProxy section */

/* Begin PBXFileReference section */
		080956821E65B8290068BDD4 /* ResultsViewControllerTest.swift */ = {isa = PBXFileReference; fileEncoding = 4; lastKnownFileType = sourcecode.swift; path = ResultsViewControllerTest.swift; sourceTree = "<group>"; };
		080956841E65B8EC0068BDD4 /* ResultsViewController.swift */ = {isa = PBXFileReference; fileEncoding = 4; lastKnownFileType = sourcecode.swift; path = ResultsViewController.swift; sourceTree = "<group>"; };
		080956861E65B97D0068BDD4 /* ResultsViewController.xib */ = {isa = PBXFileReference; fileEncoding = 4; lastKnownFileType = file.xib; path = ResultsViewController.xib; sourceTree = "<group>"; };
		080956881E65C2C40068BDD4 /* TableViewHelpers.swift */ = {isa = PBXFileReference; fileEncoding = 4; lastKnownFileType = sourcecode.swift; path = TableViewHelpers.swift; sourceTree = "<group>"; };
		0809568C1E65DA6A0068BDD4 /* CorrectAnswerCell.xib */ = {isa = PBXFileReference; fileEncoding = 4; lastKnownFileType = file.xib; path = CorrectAnswerCell.xib; sourceTree = "<group>"; };
		0809568E1E65E2880068BDD4 /* WrongAnswerCell.xib */ = {isa = PBXFileReference; fileEncoding = 4; lastKnownFileType = file.xib; path = WrongAnswerCell.xib; sourceTree = "<group>"; };
		080956901E65EAF30068BDD4 /* UITableViewExtensions.swift */ = {isa = PBXFileReference; fileEncoding = 4; lastKnownFileType = sourcecode.swift; path = UITableViewExtensions.swift; sourceTree = "<group>"; };
		080956921E65EB200068BDD4 /* PresentableAnswer.swift */ = {isa = PBXFileReference; fileEncoding = 4; lastKnownFileType = sourcecode.swift; path = PresentableAnswer.swift; sourceTree = "<group>"; };
		080956941E65EB460068BDD4 /* CorrectAnswerCell.swift */ = {isa = PBXFileReference; fileEncoding = 4; lastKnownFileType = sourcecode.swift; path = CorrectAnswerCell.swift; sourceTree = "<group>"; };
		080956961E65EB580068BDD4 /* WrongAnswerCell.swift */ = {isa = PBXFileReference; fileEncoding = 4; lastKnownFileType = sourcecode.swift; path = WrongAnswerCell.swift; sourceTree = "<group>"; };
		088687321E64729700A19B60 /* QuizApp.app */ = {isa = PBXFileReference; explicitFileType = wrapper.application; includeInIndex = 0; path = QuizApp.app; sourceTree = BUILT_PRODUCTS_DIR; };
		088687351E64729700A19B60 /* AppDelegate.swift */ = {isa = PBXFileReference; lastKnownFileType = sourcecode.swift; path = AppDelegate.swift; sourceTree = "<group>"; };
		0886873C1E64729700A19B60 /* Assets.xcassets */ = {isa = PBXFileReference; lastKnownFileType = folder.assetcatalog; path = Assets.xcassets; sourceTree = "<group>"; };
		0886873F1E64729700A19B60 /* Base */ = {isa = PBXFileReference; lastKnownFileType = file.storyboard; name = Base; path = Base.lproj/LaunchScreen.storyboard; sourceTree = "<group>"; };
		088687411E64729700A19B60 /* Info.plist */ = {isa = PBXFileReference; lastKnownFileType = text.plist.xml; path = Info.plist; sourceTree = "<group>"; };
		088687461E64729700A19B60 /* QuizAppTests.xctest */ = {isa = PBXFileReference; explicitFileType = wrapper.cfbundle; includeInIndex = 0; path = QuizAppTests.xctest; sourceTree = BUILT_PRODUCTS_DIR; };
		0886874C1E64729700A19B60 /* Info.plist */ = {isa = PBXFileReference; lastKnownFileType = text.plist.xml; path = Info.plist; sourceTree = "<group>"; };
		088687551E6472FF00A19B60 /* QuestionViewControllerTest.swift */ = {isa = PBXFileReference; fileEncoding = 4; lastKnownFileType = sourcecode.swift; path = QuestionViewControllerTest.swift; sourceTree = "<group>"; };
		088687571E64745100A19B60 /* QuestionViewController.swift */ = {isa = PBXFileReference; fileEncoding = 4; lastKnownFileType = sourcecode.swift; path = QuestionViewController.swift; sourceTree = "<group>"; };
		088687591E64752200A19B60 /* QuestionViewController.xib */ = {isa = PBXFileReference; fileEncoding = 4; lastKnownFileType = file.xib; path = QuestionViewController.xib; sourceTree = "<group>"; };
/* End PBXFileReference section */

/* Begin PBXFrameworksBuildPhase section */
		0886872F1E64729700A19B60 /* Frameworks */ = {
			isa = PBXFrameworksBuildPhase;
			buildActionMask = 2147483647;
			files = (
			);
			runOnlyForDeploymentPostprocessing = 0;
		};
		088687431E64729700A19B60 /* Frameworks */ = {
			isa = PBXFrameworksBuildPhase;
			buildActionMask = 2147483647;
			files = (
			);
			runOnlyForDeploymentPostprocessing = 0;
		};
/* End PBXFrameworksBuildPhase section */

/* Begin PBXGroup section */
		088687291E64729700A19B60 = {
			isa = PBXGroup;
			children = (
				088687341E64729700A19B60 /* QuizApp */,
				088687491E64729700A19B60 /* QuizAppTests */,
				088687331E64729700A19B60 /* Products */,
			);
			sourceTree = "<group>";
		};
		088687331E64729700A19B60 /* Products */ = {
			isa = PBXGroup;
			children = (
				088687321E64729700A19B60 /* QuizApp.app */,
				088687461E64729700A19B60 /* QuizAppTests.xctest */,
			);
			name = Products;
			sourceTree = "<group>";
		};
		088687341E64729700A19B60 /* QuizApp */ = {
			isa = PBXGroup;
			children = (
				088687351E64729700A19B60 /* AppDelegate.swift */,
				0886873C1E64729700A19B60 /* Assets.xcassets */,
				0886873E1E64729700A19B60 /* LaunchScreen.storyboard */,
				088687411E64729700A19B60 /* Info.plist */,
				088687571E64745100A19B60 /* QuestionViewController.swift */,
				088687591E64752200A19B60 /* QuestionViewController.xib */,
				080956841E65B8EC0068BDD4 /* ResultsViewController.swift */,
				080956861E65B97D0068BDD4 /* ResultsViewController.xib */,
				0809568C1E65DA6A0068BDD4 /* CorrectAnswerCell.xib */,
				0809568E1E65E2880068BDD4 /* WrongAnswerCell.xib */,
				080956901E65EAF30068BDD4 /* UITableViewExtensions.swift */,
				080956921E65EB200068BDD4 /* PresentableAnswer.swift */,
				080956941E65EB460068BDD4 /* CorrectAnswerCell.swift */,
				080956961E65EB580068BDD4 /* WrongAnswerCell.swift */,
			);
			path = QuizApp;
			sourceTree = "<group>";
		};
		088687491E64729700A19B60 /* QuizAppTests */ = {
			isa = PBXGroup;
			children = (
				0886874C1E64729700A19B60 /* Info.plist */,
				088687551E6472FF00A19B60 /* QuestionViewControllerTest.swift */,
				080956821E65B8290068BDD4 /* ResultsViewControllerTest.swift */,
				080956881E65C2C40068BDD4 /* TableViewHelpers.swift */,
			);
			path = QuizAppTests;
			sourceTree = "<group>";
		};
/* End PBXGroup section */

/* Begin PBXNativeTarget section */
		088687311E64729700A19B60 /* QuizApp */ = {
			isa = PBXNativeTarget;
			buildConfigurationList = 0886874F1E64729700A19B60 /* Build configuration list for PBXNativeTarget "QuizApp" */;
			buildPhases = (
				0886872E1E64729700A19B60 /* Sources */,
				0886872F1E64729700A19B60 /* Frameworks */,
				088687301E64729700A19B60 /* Resources */,
			);
			buildRules = (
			);
			dependencies = (
			);
			name = QuizApp;
			productName = QuizApp;
			productReference = 088687321E64729700A19B60 /* QuizApp.app */;
			productType = "com.apple.product-type.application";
		};
		088687451E64729700A19B60 /* QuizAppTests */ = {
			isa = PBXNativeTarget;
			buildConfigurationList = 088687521E64729700A19B60 /* Build configuration list for PBXNativeTarget "QuizAppTests" */;
			buildPhases = (
				088687421E64729700A19B60 /* Sources */,
				088687431E64729700A19B60 /* Frameworks */,
				088687441E64729700A19B60 /* Resources */,
			);
			buildRules = (
			);
			dependencies = (
				088687481E64729700A19B60 /* PBXTargetDependency */,
			);
			name = QuizAppTests;
			productName = QuizAppTests;
			productReference = 088687461E64729700A19B60 /* QuizAppTests.xctest */;
			productType = "com.apple.product-type.bundle.unit-test";
		};
/* End PBXNativeTarget section */

/* Begin PBXProject section */
		0886872A1E64729700A19B60 /* Project object */ = {
			isa = PBXProject;
			attributes = {
				LastSwiftUpdateCheck = 0820;
				LastUpgradeCheck = 0820;
				ORGANIZATIONNAME = "Essential Developer";
				TargetAttributes = {
					088687311E64729700A19B60 = {
						CreatedOnToolsVersion = 8.2.1;
						ProvisioningStyle = Automatic;
					};
					088687451E64729700A19B60 = {
						CreatedOnToolsVersion = 8.2.1;
						LastSwiftMigration = 0820;
						ProvisioningStyle = Automatic;
						TestTargetID = 088687311E64729700A19B60;
					};
				};
			};
			buildConfigurationList = 0886872D1E64729700A19B60 /* Build configuration list for PBXProject "QuizApp" */;
			compatibilityVersion = "Xcode 3.2";
			developmentRegion = English;
			hasScannedForEncodings = 0;
			knownRegions = (
				en,
				Base,
			);
			mainGroup = 088687291E64729700A19B60;
			productRefGroup = 088687331E64729700A19B60 /* Products */;
			projectDirPath = "";
			projectRoot = "";
			targets = (
				088687311E64729700A19B60 /* QuizApp */,
				088687451E64729700A19B60 /* QuizAppTests */,
			);
		};
/* End PBXProject section */

/* Begin PBXResourcesBuildPhase section */
		088687301E64729700A19B60 /* Resources */ = {
			isa = PBXResourcesBuildPhase;
			buildActionMask = 2147483647;
			files = (
				088687401E64729700A19B60 /* LaunchScreen.storyboard in Resources */,
				0809568F1E65E2880068BDD4 /* WrongAnswerCell.xib in Resources */,
				0886873D1E64729700A19B60 /* Assets.xcassets in Resources */,
				0886875A1E64752200A19B60 /* QuestionViewController.xib in Resources */,
				0809568D1E65DA6A0068BDD4 /* CorrectAnswerCell.xib in Resources */,
				080956871E65B97D0068BDD4 /* ResultsViewController.xib in Resources */,
			);
			runOnlyForDeploymentPostprocessing = 0;
		};
		088687441E64729700A19B60 /* Resources */ = {
			isa = PBXResourcesBuildPhase;
			buildActionMask = 2147483647;
			files = (
			);
			runOnlyForDeploymentPostprocessing = 0;
		};
/* End PBXResourcesBuildPhase section */

/* Begin PBXSourcesBuildPhase section */
		0886872E1E64729700A19B60 /* Sources */ = {
			isa = PBXSourcesBuildPhase;
			buildActionMask = 2147483647;
			files = (
				088687581E64745100A19B60 /* QuestionViewController.swift in Sources */,
				088687361E64729700A19B60 /* AppDelegate.swift in Sources */,
				080956971E65EB580068BDD4 /* WrongAnswerCell.swift in Sources */,
				080956851E65B8EC0068BDD4 /* ResultsViewController.swift in Sources */,
				080956931E65EB200068BDD4 /* PresentableAnswer.swift in Sources */,
				080956951E65EB460068BDD4 /* CorrectAnswerCell.swift in Sources */,
				080956911E65EAF30068BDD4 /* UITableViewExtensions.swift in Sources */,
			);
			runOnlyForDeploymentPostprocessing = 0;
		};
		088687421E64729700A19B60 /* Sources */ = {
			isa = PBXSourcesBuildPhase;
			buildActionMask = 2147483647;
			files = (
				088687561E6472FF00A19B60 /* QuestionViewControllerTest.swift in Sources */,
				080956891E65C2C40068BDD4 /* TableViewHelpers.swift in Sources */,
				080956831E65B8290068BDD4 /* ResultsViewControllerTest.swift in Sources */,
			);
			runOnlyForDeploymentPostprocessing = 0;
		};
/* End PBXSourcesBuildPhase section */

/* Begin PBXTargetDependency section */
		088687481E64729700A19B60 /* PBXTargetDependency */ = {
			isa = PBXTargetDependency;
			target = 088687311E64729700A19B60 /* QuizApp */;
			targetProxy = 088687471E64729700A19B60 /* PBXContainerItemProxy */;
		};
/* End PBXTargetDependency section */

/* Begin PBXVariantGroup section */
		0886873E1E64729700A19B60 /* LaunchScreen.storyboard */ = {
			isa = PBXVariantGroup;
			children = (
				0886873F1E64729700A19B60 /* Base */,
			);
			name = LaunchScreen.storyboard;
			sourceTree = "<group>";
		};
/* End PBXVariantGroup section */

/* Begin XCBuildConfiguration section */
		0886874D1E64729700A19B60 /* Debug */ = {
			isa = XCBuildConfiguration;
			buildSettings = {
				ALWAYS_SEARCH_USER_PATHS = NO;
				CLANG_ANALYZER_NONNULL = YES;
				CLANG_CXX_LANGUAGE_STANDARD = "gnu++0x";
				CLANG_CXX_LIBRARY = "libc++";
				CLANG_ENABLE_MODULES = YES;
				CLANG_ENABLE_OBJC_ARC = YES;
				CLANG_WARN_BOOL_CONVERSION = YES;
				CLANG_WARN_CONSTANT_CONVERSION = YES;
				CLANG_WARN_DIRECT_OBJC_ISA_USAGE = YES_ERROR;
				CLANG_WARN_DOCUMENTATION_COMMENTS = YES;
				CLANG_WARN_EMPTY_BODY = YES;
				CLANG_WARN_ENUM_CONVERSION = YES;
				CLANG_WARN_INFINITE_RECURSION = YES;
				CLANG_WARN_INT_CONVERSION = YES;
				CLANG_WARN_OBJC_ROOT_CLASS = YES_ERROR;
				CLANG_WARN_SUSPICIOUS_MOVE = YES;
				CLANG_WARN_UNREACHABLE_CODE = YES;
				CLANG_WARN__DUPLICATE_METHOD_MATCH = YES;
				"CODE_SIGN_IDENTITY[sdk=iphoneos*]" = "iPhone Developer";
				COPY_PHASE_STRIP = NO;
				DEBUG_INFORMATION_FORMAT = dwarf;
				ENABLE_STRICT_OBJC_MSGSEND = YES;
				ENABLE_TESTABILITY = YES;
				GCC_C_LANGUAGE_STANDARD = gnu99;
				GCC_DYNAMIC_NO_PIC = NO;
				GCC_NO_COMMON_BLOCKS = YES;
				GCC_OPTIMIZATION_LEVEL = 0;
				GCC_PREPROCESSOR_DEFINITIONS = (
					"DEBUG=1",
					"$(inherited)",
				);
				GCC_WARN_64_TO_32_BIT_CONVERSION = YES;
				GCC_WARN_ABOUT_RETURN_TYPE = YES_ERROR;
				GCC_WARN_UNDECLARED_SELECTOR = YES;
				GCC_WARN_UNINITIALIZED_AUTOS = YES_AGGRESSIVE;
				GCC_WARN_UNUSED_FUNCTION = YES;
				GCC_WARN_UNUSED_VARIABLE = YES;
				IPHONEOS_DEPLOYMENT_TARGET = 10.2;
				MTL_ENABLE_DEBUG_INFO = YES;
				ONLY_ACTIVE_ARCH = YES;
				SDKROOT = iphoneos;
				SWIFT_ACTIVE_COMPILATION_CONDITIONS = DEBUG;
				SWIFT_OPTIMIZATION_LEVEL = "-Onone";
				TARGETED_DEVICE_FAMILY = "1,2";
			};
			name = Debug;
		};
		0886874E1E64729700A19B60 /* Release */ = {
			isa = XCBuildConfiguration;
			buildSettings = {
				ALWAYS_SEARCH_USER_PATHS = NO;
				CLANG_ANALYZER_NONNULL = YES;
				CLANG_CXX_LANGUAGE_STANDARD = "gnu++0x";
				CLANG_CXX_LIBRARY = "libc++";
				CLANG_ENABLE_MODULES = YES;
				CLANG_ENABLE_OBJC_ARC = YES;
				CLANG_WARN_BOOL_CONVERSION = YES;
				CLANG_WARN_CONSTANT_CONVERSION = YES;
				CLANG_WARN_DIRECT_OBJC_ISA_USAGE = YES_ERROR;
				CLANG_WARN_DOCUMENTATION_COMMENTS = YES;
				CLANG_WARN_EMPTY_BODY = YES;
				CLANG_WARN_ENUM_CONVERSION = YES;
				CLANG_WARN_INFINITE_RECURSION = YES;
				CLANG_WARN_INT_CONVERSION = YES;
				CLANG_WARN_OBJC_ROOT_CLASS = YES_ERROR;
				CLANG_WARN_SUSPICIOUS_MOVE = YES;
				CLANG_WARN_UNREACHABLE_CODE = YES;
				CLANG_WARN__DUPLICATE_METHOD_MATCH = YES;
				"CODE_SIGN_IDENTITY[sdk=iphoneos*]" = "iPhone Developer";
				COPY_PHASE_STRIP = NO;
				DEBUG_INFORMATION_FORMAT = "dwarf-with-dsym";
				ENABLE_NS_ASSERTIONS = NO;
				ENABLE_STRICT_OBJC_MSGSEND = YES;
				GCC_C_LANGUAGE_STANDARD = gnu99;
				GCC_NO_COMMON_BLOCKS = YES;
				GCC_WARN_64_TO_32_BIT_CONVERSION = YES;
				GCC_WARN_ABOUT_RETURN_TYPE = YES_ERROR;
				GCC_WARN_UNDECLARED_SELECTOR = YES;
				GCC_WARN_UNINITIALIZED_AUTOS = YES_AGGRESSIVE;
				GCC_WARN_UNUSED_FUNCTION = YES;
				GCC_WARN_UNUSED_VARIABLE = YES;
				IPHONEOS_DEPLOYMENT_TARGET = 10.2;
				MTL_ENABLE_DEBUG_INFO = NO;
				SDKROOT = iphoneos;
				SWIFT_OPTIMIZATION_LEVEL = "-Owholemodule";
				TARGETED_DEVICE_FAMILY = "1,2";
				VALIDATE_PRODUCT = YES;
			};
			name = Release;
		};
		088687501E64729700A19B60 /* Debug */ = {
			isa = XCBuildConfiguration;
			buildSettings = {
				ASSETCATALOG_COMPILER_APPICON_NAME = AppIcon;
				INFOPLIST_FILE = QuizApp/Info.plist;
				LD_RUNPATH_SEARCH_PATHS = "$(inherited) @executable_path/Frameworks";
				PRODUCT_BUNDLE_IDENTIFIER = com.essentialdeveloper.QuizApp;
				PRODUCT_NAME = "$(TARGET_NAME)";
				SWIFT_VERSION = 3.0;
			};
			name = Debug;
		};
		088687511E64729700A19B60 /* Release */ = {
			isa = XCBuildConfiguration;
			buildSettings = {
				ASSETCATALOG_COMPILER_APPICON_NAME = AppIcon;
				INFOPLIST_FILE = QuizApp/Info.plist;
				LD_RUNPATH_SEARCH_PATHS = "$(inherited) @executable_path/Frameworks";
				PRODUCT_BUNDLE_IDENTIFIER = com.essentialdeveloper.QuizApp;
				PRODUCT_NAME = "$(TARGET_NAME)";
				SWIFT_VERSION = 3.0;
			};
			name = Release;
		};
		088687531E64729700A19B60 /* Debug */ = {
			isa = XCBuildConfiguration;
			buildSettings = {
				ALWAYS_EMBED_SWIFT_STANDARD_LIBRARIES = YES;
				BUNDLE_LOADER = "$(TEST_HOST)";
				CLANG_ENABLE_MODULES = YES;
				INFOPLIST_FILE = QuizAppTests/Info.plist;
				LD_RUNPATH_SEARCH_PATHS = "$(inherited) @executable_path/Frameworks @loader_path/Frameworks";
				PRODUCT_BUNDLE_IDENTIFIER = com.essentialdeveloper.QuizAppTests;
				PRODUCT_NAME = "$(TARGET_NAME)";
				SWIFT_OPTIMIZATION_LEVEL = "-Onone";
				SWIFT_VERSION = 3.0;
				TEST_HOST = "$(BUILT_PRODUCTS_DIR)/QuizApp.app/QuizApp";
			};
			name = Debug;
		};
		088687541E64729700A19B60 /* Release */ = {
			isa = XCBuildConfiguration;
			buildSettings = {
				ALWAYS_EMBED_SWIFT_STANDARD_LIBRARIES = YES;
				BUNDLE_LOADER = "$(TEST_HOST)";
				CLANG_ENABLE_MODULES = YES;
				INFOPLIST_FILE = QuizAppTests/Info.plist;
				LD_RUNPATH_SEARCH_PATHS = "$(inherited) @executable_path/Frameworks @loader_path/Frameworks";
				PRODUCT_BUNDLE_IDENTIFIER = com.essentialdeveloper.QuizAppTests;
				PRODUCT_NAME = "$(TARGET_NAME)";
				SWIFT_VERSION = 3.0;
				TEST_HOST = "$(BUILT_PRODUCTS_DIR)/QuizApp.app/QuizApp";
			};
			name = Release;
		};
/* End XCBuildConfiguration section */

/* Begin XCConfigurationList section */
		0886872D1E64729700A19B60 /* Build configuration list for PBXProject "QuizApp" */ = {
			isa = XCConfigurationList;
			buildConfigurations = (
				0886874D1E64729700A19B60 /* Debug */,
				0886874E1E64729700A19B60 /* Release */,
			);
			defaultConfigurationIsVisible = 0;
			defaultConfigurationName = Release;
		};
		0886874F1E64729700A19B60 /* Build configuration list for PBXNativeTarget "QuizApp" */ = {
			isa = XCConfigurationList;
			buildConfigurations = (
				088687501E64729700A19B60 /* Debug */,
				088687511E64729700A19B60 /* Release */,
			);
			defaultConfigurationIsVisible = 0;
			defaultConfigurationName = Release;
		};
		088687521E64729700A19B60 /* Build configuration list for PBXNativeTarget "QuizAppTests" */ = {
			isa = XCConfigurationList;
			buildConfigurations = (
				088687531E64729700A19B60 /* Debug */,
				088687541E64729700A19B60 /* Release */,
			);
			defaultConfigurationIsVisible = 0;
			defaultConfigurationName = Release;
		};
/* End XCConfigurationList section */
	};
	rootObject = 0886872A1E64729700A19B60 /* Project object */;
}
